Microsoft Visual Studio Solution File, Format Version 12.00
# Visual Studio Version 17
VisualStudioVersion = 17.8.34025.214
MinimumVisualStudioVersion = 10.0.40219.1
Project("{2150E333-8FDC-42A3-9474-1A3956D46DE8}") = "02. BuildingBlocks", "02. BuildingBlocks", "{8313723C-EFFC-4741-90C9-FD8D9766F2B1}"
EndProject
Project("{2150E333-8FDC-42A3-9474-1A3956D46DE8}") = "06. AntiFraudService", "06. AntiFraudService", "{F11222CE-E508-409D-A90E-D788C9AE5461}"
EndProject
Project("{2150E333-8FDC-42A3-9474-1A3956D46DE8}") = "03. TransactionService", "03. TransactionService", "{B940BDFF-8247-41D9-9668-3B418D6A2BEC}"
EndProject
Project("{2150E333-8FDC-42A3-9474-1A3956D46DE8}") = "07. TestSolution", "07. TestSolution", "{60AE0A92-C6BF-47CD-B9BA-BB60521A9A8F}"
EndProject
Project("{2150E333-8FDC-42A3-9474-1A3956D46DE8}") = "04. TransactionFraudWorker", "04. TransactionFraudWorker", "{9441B0C4-AACA-47D5-923A-4DD5D38320FA}"
EndProject
Project("{2150E333-8FDC-42A3-9474-1A3956D46DE8}") = "05. TransactionOutboxWorker", "05. TransactionOutboxWorker", "{1E2674CE-C39D-4502-A577-64BEBD7A3F90}"
EndProject
Project("{2150E333-8FDC-42A3-9474-1A3956D46DE8}") = "BuildingBlocks", "BuildingBlocks", "{F62E1995-396B-4673-9E5F-1AA1C9D8B028}"
EndProject
Project("{2150E333-8FDC-42A3-9474-1A3956D46DE8}") = "AntiFraudService", "AntiFraudService", "{0A12C1DD-49BF-4708-B9C2-FF1880DE7F6B}"
EndProject
Project("{2150E333-8FDC-42A3-9474-1A3956D46DE8}") = "TransactionService", "TransactionService", "{6C3D6C8D-9841-4E38-8D9E-DAEC20F8E5B4}"
EndProject
Project("{2150E333-8FDC-42A3-9474-1A3956D46DE8}") = "Tests.Common", "Tests.Common", "{D98B3F10-F1F0-4A03-9B5A-0CC89D74C090}"
EndProject
Project("{2150E333-8FDC-42A3-9474-1A3956D46DE8}") = "01. Solution Items", "01. Solution Items", "{E2072D77-BC0F-4284-B046-691DF41901B7}"
	ProjectSection(SolutionItems) = preProject
		.gitignore = .gitignore
		Directory.Build.props = Directory.Build.props
		Directory.Packages.props = Directory.Packages.props
		global.json = global.json
	EndProjectSection
EndProject
Project("{FAE04EC0-301F-11D3-BF4B-00C04F79EFBC}") = "Domain", "AntiFraudService\src\Domain\Domain.csproj", "{CA219FE0-3387-E1A4-AE8E-480FC0F6E773}"
EndProject
Project("{FAE04EC0-301F-11D3-BF4B-00C04F79EFBC}") = "Domain", "BuildingBlocks\Domain\Domain.csproj", "{6B116839-979D-DB68-A2D0-DD77657637AF}"
EndProject
Project("{FAE04EC0-301F-11D3-BF4B-00C04F79EFBC}") = "Domain", "TransactionService\src\Domain\Domain.csproj", "{95854A9C-E383-AB48-9233-ACF99FE99637}"
EndProject
Project("{FAE04EC0-301F-11D3-BF4B-00C04F79EFBC}") = "Tests.Common", "TestSolution\Tests.Common\Tests.Common.csproj", "{2F6047EF-1EF8-45AF-BA18-0C2791298549}"
EndProject
Project("{FAE04EC0-301F-11D3-BF4B-00C04F79EFBC}") = "BuildingBlocks.Tests", "TestSolution\BuildingBlocks.Tests\BuildingBlocks.Tests.csproj", "{04A5357E-69B6-4E52-A976-061AD830EB23}"
EndProject
Project("{FAE04EC0-301F-11D3-BF4B-00C04F79EFBC}") = "AntiFraudService.Tests", "TestSolution\AntiFraudService.Tests\AntiFraudService.Tests.csproj", "{2D385101-415A-4C38-A136-4274C72F1630}"
EndProject
Project("{FAE04EC0-301F-11D3-BF4B-00C04F79EFBC}") = "TransactionService.Tests", "TestSolution\TransactionService.Tests\TransactionService.Tests.csproj", "{0210E71D-90BB-41E8-AD18-E6E803C52960}"
EndProject
Project("{FAE04EC0-301F-11D3-BF4B-00C04F79EFBC}") = "Application", "BuildingBlocks\Application\Application.csproj", "{490D1332-9B73-9C25-A8A2-CA0239E8CFE6}"
EndProject
Project("{FAE04EC0-301F-11D3-BF4B-00C04F79EFBC}") = "Messaging", "BuildingBlocks\Messaging\Messaging.csproj", "{D56DD277-CEE8-1353-2CBF-C7A709384323}"
EndProject
Project("{FAE04EC0-301F-11D3-BF4B-00C04F79EFBC}") = "Infrastructure", "BuildingBlocks\Infrastructure\Infrastructure.csproj", "{08168696-30EA-4A09-A2D0-67068F9A266D}"
EndProject
Project("{FAE04EC0-301F-11D3-BF4B-00C04F79EFBC}") = "Web", "BuildingBlocks\Web\Web.csproj", "{AA223B62-30EE-8849-28DE-C68F82D64EA3}"
EndProject
Project("{FAE04EC0-301F-11D3-BF4B-00C04F79EFBC}") = "Application", "AntiFraudService\src\Application\Application.csproj", "{62C8F0E0-1104-ECAF-29A8-4AAD121D3C7C}"
EndProject
Project("{FAE04EC0-301F-11D3-BF4B-00C04F79EFBC}") = "Infrastructure", "AntiFraudService\src\Infrastructure\Infrastructure.csproj", "{88B37A0D-7B2A-072D-23EA-05D3CC979A5E}"
EndProject
Project("{FAE04EC0-301F-11D3-BF4B-00C04F79EFBC}") = "Application", "TransactionService\src\Application\Application.csproj", "{208FED91-0E10-47FE-D2C1-2943F88DC82F}"
EndProject
Project("{FAE04EC0-301F-11D3-BF4B-00C04F79EFBC}") = "Infrastructure", "TransactionService\src\Infrastructure\Infrastructure.csproj", "{B9660A26-DF72-B14B-B094-190E9A69CAC7}"
EndProject
Project("{FAE04EC0-301F-11D3-BF4B-00C04F79EFBC}") = "Web", "AntiFraudService\src\Web\Web.csproj", "{A099EEB2-2B04-4B6E-8DF4-3239A15BDED7}"
EndProject
Project("{FAE04EC0-301F-11D3-BF4B-00C04F79EFBC}") = "Web", "TransactionService\src\Web\Web.csproj", "{3EAF1F9C-8E34-2463-AD9D-36C2F334BBC8}"
EndProject
Project("{FAE04EC0-301F-11D3-BF4B-00C04F79EFBC}") = "TransactionFraudWorker", "TransactionFraudWorker\src\TransactionFraudWorker\TransactionFraudWorker.csproj", "{E689B703-9385-46D8-A0C3-95FC813EF043}"
EndProject
Project("{FAE04EC0-301F-11D3-BF4B-00C04F79EFBC}") = "TransactionOutboxWorker", "TransactionOutboxWorker\src\TransactionOutboxWorker\TransactionOutboxWorker.csproj", "{A4DD4343-EA22-4E14-ACDF-0F8F6F70434F}"
EndProject
Global
	GlobalSection(SolutionConfigurationPlatforms) = preSolution
		Debug|Any CPU = Debug|Any CPU
		Release|Any CPU = Release|Any CPU
	EndGlobalSection
	GlobalSection(ProjectConfigurationPlatforms) = postSolution
		{CA219FE0-3387-E1A4-AE8E-480FC0F6E773}.Debug|Any CPU.ActiveCfg = Debug|Any CPU
		{CA219FE0-3387-E1A4-AE8E-480FC0F6E773}.Debug|Any CPU.Build.0 = Debug|Any CPU
		{CA219FE0-3387-E1A4-AE8E-480FC0F6E773}.Release|Any CPU.ActiveCfg = Release|Any CPU
		{CA219FE0-3387-E1A4-AE8E-480FC0F6E773}.Release|Any CPU.Build.0 = Release|Any CPU
		{6B116839-979D-DB68-A2D0-DD77657637AF}.Debug|Any CPU.ActiveCfg = Debug|Any CPU
		{6B116839-979D-DB68-A2D0-DD77657637AF}.Debug|Any CPU.Build.0 = Debug|Any CPU
		{6B116839-979D-DB68-A2D0-DD77657637AF}.Release|Any CPU.ActiveCfg = Release|Any CPU
		{6B116839-979D-DB68-A2D0-DD77657637AF}.Release|Any CPU.Build.0 = Release|Any CPU
		{95854A9C-E383-AB48-9233-ACF99FE99637}.Debug|Any CPU.ActiveCfg = Debug|Any CPU
		{95854A9C-E383-AB48-9233-ACF99FE99637}.Debug|Any CPU.Build.0 = Debug|Any CPU
		{95854A9C-E383-AB48-9233-ACF99FE99637}.Release|Any CPU.ActiveCfg = Release|Any CPU
		{95854A9C-E383-AB48-9233-ACF99FE99637}.Release|Any CPU.Build.0 = Release|Any CPU
		{2F6047EF-1EF8-45AF-BA18-0C2791298549}.Debug|Any CPU.ActiveCfg = Debug|Any CPU
		{2F6047EF-1EF8-45AF-BA18-0C2791298549}.Debug|Any CPU.Build.0 = Debug|Any CPU
		{2F6047EF-1EF8-45AF-BA18-0C2791298549}.Release|Any CPU.ActiveCfg = Release|Any CPU
		{2F6047EF-1EF8-45AF-BA18-0C2791298549}.Release|Any CPU.Build.0 = Release|Any CPU
		{04A5357E-69B6-4E52-A976-061AD830EB23}.Debug|Any CPU.ActiveCfg = Debug|Any CPU
		{04A5357E-69B6-4E52-A976-061AD830EB23}.Debug|Any CPU.Build.0 = Debug|Any CPU
		{04A5357E-69B6-4E52-A976-061AD830EB23}.Release|Any CPU.ActiveCfg = Release|Any CPU
		{04A5357E-69B6-4E52-A976-061AD830EB23}.Release|Any CPU.Build.0 = Release|Any CPU
		{2D385101-415A-4C38-A136-4274C72F1630}.Debug|Any CPU.ActiveCfg = Debug|Any CPU
		{2D385101-415A-4C38-A136-4274C72F1630}.Debug|Any CPU.Build.0 = Debug|Any CPU
		{2D385101-415A-4C38-A136-4274C72F1630}.Release|Any CPU.ActiveCfg = Release|Any CPU
		{2D385101-415A-4C38-A136-4274C72F1630}.Release|Any CPU.Build.0 = Release|Any CPU
		{0210E71D-90BB-41E8-AD18-E6E803C52960}.Debug|Any CPU.ActiveCfg = Debug|Any CPU
		{0210E71D-90BB-41E8-AD18-E6E803C52960}.Debug|Any CPU.Build.0 = Debug|Any CPU
		{0210E71D-90BB-41E8-AD18-E6E803C52960}.Release|Any CPU.ActiveCfg = Release|Any CPU
		{0210E71D-90BB-41E8-AD18-E6E803C52960}.Release|Any CPU.Build.0 = Release|Any CPU
		{490D1332-9B73-9C25-A8A2-CA0239E8CFE6}.Debug|Any CPU.ActiveCfg = Debug|Any CPU
		{490D1332-9B73-9C25-A8A2-CA0239E8CFE6}.Debug|Any CPU.Build.0 = Debug|Any CPU
		{490D1332-9B73-9C25-A8A2-CA0239E8CFE6}.Release|Any CPU.ActiveCfg = Release|Any CPU
		{490D1332-9B73-9C25-A8A2-CA0239E8CFE6}.Release|Any CPU.Build.0 = Release|Any CPU
		{D56DD277-CEE8-1353-2CBF-C7A709384323}.Debug|Any CPU.ActiveCfg = Debug|Any CPU
		{D56DD277-CEE8-1353-2CBF-C7A709384323}.Debug|Any CPU.Build.0 = Debug|Any CPU
		{D56DD277-CEE8-1353-2CBF-C7A709384323}.Release|Any CPU.ActiveCfg = Release|Any CPU
		{D56DD277-CEE8-1353-2CBF-C7A709384323}.Release|Any CPU.Build.0 = Release|Any CPU
		{08168696-30EA-4A09-A2D0-67068F9A266D}.Debug|Any CPU.ActiveCfg = Debug|Any CPU
		{08168696-30EA-4A09-A2D0-67068F9A266D}.Debug|Any CPU.Build.0 = Debug|Any CPU
		{08168696-30EA-4A09-A2D0-67068F9A266D}.Release|Any CPU.ActiveCfg = Release|Any CPU
		{08168696-30EA-4A09-A2D0-67068F9A266D}.Release|Any CPU.Build.0 = Release|Any CPU
		{AA223B62-30EE-8849-28DE-C68F82D64EA3}.Debug|Any CPU.ActiveCfg = Debug|Any CPU
		{AA223B62-30EE-8849-28DE-C68F82D64EA3}.Debug|Any CPU.Build.0 = Debug|Any CPU
		{AA223B62-30EE-8849-28DE-C68F82D64EA3}.Release|Any CPU.ActiveCfg = Release|Any CPU
		{AA223B62-30EE-8849-28DE-C68F82D64EA3}.Release|Any CPU.Build.0 = Release|Any CPU
		{62C8F0E0-1104-ECAF-29A8-4AAD121D3C7C}.Debug|Any CPU.ActiveCfg = Debug|Any CPU
		{62C8F0E0-1104-ECAF-29A8-4AAD121D3C7C}.Debug|Any CPU.Build.0 = Debug|Any CPU
		{62C8F0E0-1104-ECAF-29A8-4AAD121D3C7C}.Release|Any CPU.ActiveCfg = Release|Any CPU
		{62C8F0E0-1104-ECAF-29A8-4AAD121D3C7C}.Release|Any CPU.Build.0 = Release|Any CPU
		{88B37A0D-7B2A-072D-23EA-05D3CC979A5E}.Debug|Any CPU.ActiveCfg = Debug|Any CPU
		{88B37A0D-7B2A-072D-23EA-05D3CC979A5E}.Debug|Any CPU.Build.0 = Debug|Any CPU
		{88B37A0D-7B2A-072D-23EA-05D3CC979A5E}.Release|Any CPU.ActiveCfg = Release|Any CPU
		{88B37A0D-7B2A-072D-23EA-05D3CC979A5E}.Release|Any CPU.Build.0 = Release|Any CPU
		{208FED91-0E10-47FE-D2C1-2943F88DC82F}.Debug|Any CPU.ActiveCfg = Debug|Any CPU
		{208FED91-0E10-47FE-D2C1-2943F88DC82F}.Debug|Any CPU.Build.0 = Debug|Any CPU
		{208FED91-0E10-47FE-D2C1-2943F88DC82F}.Release|Any CPU.ActiveCfg = Release|Any CPU
		{208FED91-0E10-47FE-D2C1-2943F88DC82F}.Release|Any CPU.Build.0 = Release|Any CPU
		{B9660A26-DF72-B14B-B094-190E9A69CAC7}.Debug|Any CPU.ActiveCfg = Debug|Any CPU
		{B9660A26-DF72-B14B-B094-190E9A69CAC7}.Debug|Any CPU.Build.0 = Debug|Any CPU
		{B9660A26-DF72-B14B-B094-190E9A69CAC7}.Release|Any CPU.ActiveCfg = Release|Any CPU
		{B9660A26-DF72-B14B-B094-190E9A69CAC7}.Release|Any CPU.Build.0 = Release|Any CPU
		{A099EEB2-2B04-4B6E-8DF4-3239A15BDED7}.Debug|Any CPU.ActiveCfg = Debug|Any CPU
		{A099EEB2-2B04-4B6E-8DF4-3239A15BDED7}.Debug|Any CPU.Build.0 = Debug|Any CPU
		{A099EEB2-2B04-4B6E-8DF4-3239A15BDED7}.Release|Any CPU.ActiveCfg = Release|Any CPU
		{A099EEB2-2B04-4B6E-8DF4-3239A15BDED7}.Release|Any CPU.Build.0 = Release|Any CPU
		{3EAF1F9C-8E34-2463-AD9D-36C2F334BBC8}.Debug|Any CPU.ActiveCfg = Debug|Any CPU
		{3EAF1F9C-8E34-2463-AD9D-36C2F334BBC8}.Debug|Any CPU.Build.0 = Debug|Any CPU
		{3EAF1F9C-8E34-2463-AD9D-36C2F334BBC8}.Release|Any CPU.ActiveCfg = Release|Any CPU
		{3EAF1F9C-8E34-2463-AD9D-36C2F334BBC8}.Release|Any CPU.Build.0 = Release|Any CPU
		{E689B703-9385-46D8-A0C3-95FC813EF043}.Debug|Any CPU.ActiveCfg = Debug|Any CPU
		{E689B703-9385-46D8-A0C3-95FC813EF043}.Debug|Any CPU.Build.0 = Debug|Any CPU
		{E689B703-9385-46D8-A0C3-95FC813EF043}.Release|Any CPU.ActiveCfg = Release|Any CPU
		{E689B703-9385-46D8-A0C3-95FC813EF043}.Release|Any CPU.Build.0 = Release|Any CPU
		{A4DD4343-EA22-4E14-ACDF-0F8F6F70434F}.Debug|Any CPU.ActiveCfg = Debug|Any CPU
		{A4DD4343-EA22-4E14-ACDF-0F8F6F70434F}.Debug|Any CPU.Build.0 = Debug|Any CPU
		{A4DD4343-EA22-4E14-ACDF-0F8F6F70434F}.Release|Any CPU.ActiveCfg = Release|Any CPU
		{A4DD4343-EA22-4E14-ACDF-0F8F6F70434F}.Release|Any CPU.Build.0 = Release|Any CPU
	EndGlobalSection
	GlobalSection(SolutionProperties) = preSolution
		HideSolutionNode = FALSE
	EndGlobalSection
	GlobalSection(NestedProjects) = preSolution
		{F62E1995-396B-4673-9E5F-1AA1C9D8B028} = {60AE0A92-C6BF-47CD-B9BA-BB60521A9A8F}
		{0A12C1DD-49BF-4708-B9C2-FF1880DE7F6B} = {60AE0A92-C6BF-47CD-B9BA-BB60521A9A8F}
		{6C3D6C8D-9841-4E38-8D9E-DAEC20F8E5B4} = {60AE0A92-C6BF-47CD-B9BA-BB60521A9A8F}
		{D98B3F10-F1F0-4A03-9B5A-0CC89D74C090} = {60AE0A92-C6BF-47CD-B9BA-BB60521A9A8F}
		{CA219FE0-3387-E1A4-AE8E-480FC0F6E773} = {F11222CE-E508-409D-A90E-D788C9AE5461}
		{6B116839-979D-DB68-A2D0-DD77657637AF} = {8313723C-EFFC-4741-90C9-FD8D9766F2B1}
		{95854A9C-E383-AB48-9233-ACF99FE99637} = {B940BDFF-8247-41D9-9668-3B418D6A2BEC}
		{2F6047EF-1EF8-45AF-BA18-0C2791298549} = {D98B3F10-F1F0-4A03-9B5A-0CC89D74C090}
		{04A5357E-69B6-4E52-A976-061AD830EB23} = {F62E1995-396B-4673-9E5F-1AA1C9D8B028}
		{2D385101-415A-4C38-A136-4274C72F1630} = {0A12C1DD-49BF-4708-B9C2-FF1880DE7F6B}
		{0210E71D-90BB-41E8-AD18-E6E803C52960} = {6C3D6C8D-9841-4E38-8D9E-DAEC20F8E5B4}
		{490D1332-9B73-9C25-A8A2-CA0239E8CFE6} = {8313723C-EFFC-4741-90C9-FD8D9766F2B1}
		{D56DD277-CEE8-1353-2CBF-C7A709384323} = {8313723C-EFFC-4741-90C9-FD8D9766F2B1}
		{08168696-30EA-4A09-A2D0-67068F9A266D} = {8313723C-EFFC-4741-90C9-FD8D9766F2B1}
		{AA223B62-30EE-8849-28DE-C68F82D64EA3} = {8313723C-EFFC-4741-90C9-FD8D9766F2B1}
		{62C8F0E0-1104-ECAF-29A8-4AAD121D3C7C} = {F11222CE-E508-409D-A90E-D788C9AE5461}
		{88B37A0D-7B2A-072D-23EA-05D3CC979A5E} = {F11222CE-E508-409D-A90E-D788C9AE5461}
		{208FED91-0E10-47FE-D2C1-2943F88DC82F} = {B940BDFF-8247-41D9-9668-3B418D6A2BEC}
		{B9660A26-DF72-B14B-B094-190E9A69CAC7} = {B940BDFF-8247-41D9-9668-3B418D6A2BEC}
		{A099EEB2-2B04-4B6E-8DF4-3239A15BDED7} = {F11222CE-E508-409D-A90E-D788C9AE5461}
		{3EAF1F9C-8E34-2463-AD9D-36C2F334BBC8} = {B940BDFF-8247-41D9-9668-3B418D6A2BEC}
		{E689B703-9385-46D8-A0C3-95FC813EF043} = {9441B0C4-AACA-47D5-923A-4DD5D38320FA}
		{A4DD4343-EA22-4E14-ACDF-0F8F6F70434F} = {1E2674CE-C39D-4502-A577-64BEBD7A3F90}
	EndGlobalSection
	GlobalSection(ExtensibilityGlobals) = postSolution
		SolutionGuid = {4F7C443B-8239-4F5C-8EB8-48E98579BE35}
	EndGlobalSection
EndGlobal
